
Microsoft Visual Studio Solution File, Format Version 12.00
# Visual Studio Version 17
VisualStudioVersion = 17.8.34511.84
MinimumVisualStudioVersion = 10.0.40219.1
Project("{FAE04EC0-301F-11D3-BF4B-00C04F79EFBC}") = "WebApplication1", "WebApplication1\WebApplication1.csproj", "{130A4B2E-6E52-41DE-B900-343D2B746CAD}"
EndProject
Global
	GlobalSection(SolutionConfigurationPlatforms) = preSolution
		Debug|Any CPU = Debug|Any CPU
		Release|Any CPU = Release|Any CPU
	EndGlobalSection
	GlobalSection(ProjectConfigurationPlatforms) = postSolution
		{130A4B2E-6E52-41DE-B900-343D2B746CAD}.Debug|Any CPU.ActiveCfg = Debug|Any CPU
		{130A4B2E-6E52-41DE-B900-343D2B746CAD}.Debug|Any CPU.Build.0 = Debug|Any CPU
		{130A4B2E-6E52-41DE-B900-343D2B746CAD}.Release|Any CPU.ActiveCfg = Release|Any CPU
		{130A4B2E-6E52-41DE-B900-343D2B746CAD}.Release|Any CPU.Build.0 = Release|Any CPU
	EndGlobalSection
	GlobalSection(SolutionProperties) = preSolution
		HideSolutionNode = FALSE
	EndGlobalSection
	GlobalSection(ExtensibilityGlobals) = postSolution
		SolutionGuid = {D79786C5-162B-4957-97A7-6BFD13DDB886}
	EndGlobalSection
EndGlobal
